// !$*UTF8*$!
{
	archiveVersion = 1;
	classes = {
	};
	objectVersion = 45;
	objects = {

/* Begin PBXFileReference section */
/* End PBXFileReference section */
/* Begin PBXBuildFile section */
/* End PBXBuildFile section */
/* Begin PBXGroup section */
/* End PBXGroup section */
	};
	rootObject = 29B97313FDCFA39411CA2CEA /* Project object */;
}
